
Microsoft Visual Studio Solution File, Format Version 12.00
# Visual Studio 14
VisualStudioVersion = 14.0.25420.1
MinimumVisualStudioVersion = 10.0.40219.1
Project("{FAE04EC0-301F-11D3-BF4B-00C04F79EFBC}") = "金证统一账户测试账户生成器", "金证统一账户测试账户生成器\金证统一账户测试账户生成器.csproj", "{57ED32D0-AD2A-408E-A1CB-4354775FA778}"
EndProject
Project("{FAE04EC0-301F-11D3-BF4B-00C04F79EFBC}") = "金证统一账户测试账户生成器Tests", "金证统一账户测试账户生成器Tests\金证统一账户测试账户生成器Tests.csproj", "{BAFE4AFE-DAF9-44AE-88FB-301A8520992D}"
EndProject
Project("{FAE04EC0-301F-11D3-BF4B-00C04F79EFBC}") = "Xml格式化工具", "Xml格式化工具\Xml格式化工具.csproj", "{430CEEE5-D2D0-4AF0-889E-B57C585C4DF3}"
EndProject
Project("{FAE04EC0-301F-11D3-BF4B-00C04F79EFBC}") = "Request文件生成工具", "Request文件生成工具\Request文件生成工具.csproj", "{A441BA0B-3A99-4353-BB2C-44C147FED8EE}"
EndProject
Global
	GlobalSection(SolutionConfigurationPlatforms) = preSolution
		Debug|Any CPU = Debug|Any CPU
		Release|Any CPU = Release|Any CPU
	EndGlobalSection
	GlobalSection(ProjectConfigurationPlatforms) = postSolution
		{57ED32D0-AD2A-408E-A1CB-4354775FA778}.Debug|Any CPU.ActiveCfg = Debug|Any CPU
		{57ED32D0-AD2A-408E-A1CB-4354775FA778}.Debug|Any CPU.Build.0 = Debug|Any CPU
		{57ED32D0-AD2A-408E-A1CB-4354775FA778}.Release|Any CPU.ActiveCfg = Release|Any CPU
		{57ED32D0-AD2A-408E-A1CB-4354775FA778}.Release|Any CPU.Build.0 = Release|Any CPU
		{BAFE4AFE-DAF9-44AE-88FB-301A8520992D}.Debug|Any CPU.ActiveCfg = Debug|Any CPU
		{BAFE4AFE-DAF9-44AE-88FB-301A8520992D}.Debug|Any CPU.Build.0 = Debug|Any CPU
		{BAFE4AFE-DAF9-44AE-88FB-301A8520992D}.Release|Any CPU.ActiveCfg = Release|Any CPU
		{BAFE4AFE-DAF9-44AE-88FB-301A8520992D}.Release|Any CPU.Build.0 = Release|Any CPU
		{430CEEE5-D2D0-4AF0-889E-B57C585C4DF3}.Debug|Any CPU.ActiveCfg = Debug|Any CPU
		{430CEEE5-D2D0-4AF0-889E-B57C585C4DF3}.Debug|Any CPU.Build.0 = Debug|Any CPU
		{430CEEE5-D2D0-4AF0-889E-B57C585C4DF3}.Release|Any CPU.ActiveCfg = Release|Any CPU
		{430CEEE5-D2D0-4AF0-889E-B57C585C4DF3}.Release|Any CPU.Build.0 = Release|Any CPU
		{A441BA0B-3A99-4353-BB2C-44C147FED8EE}.Debug|Any CPU.ActiveCfg = Debug|Any CPU
		{A441BA0B-3A99-4353-BB2C-44C147FED8EE}.Debug|Any CPU.Build.0 = Debug|Any CPU
		{A441BA0B-3A99-4353-BB2C-44C147FED8EE}.Release|Any CPU.ActiveCfg = Release|Any CPU
		{A441BA0B-3A99-4353-BB2C-44C147FED8EE}.Release|Any CPU.Build.0 = Release|Any CPU
	EndGlobalSection
	GlobalSection(SolutionProperties) = preSolution
		HideSolutionNode = FALSE
	EndGlobalSection
EndGlobal
